<?xml version="1.0" encoding="utf-8"?>
<Project ToolsVersion="4.0" xmlns="http://schemas.microsoft.com/developer/msbuild/2003">
  <ItemGroup>
    <Filter Include="Source Files">
      <UniqueIdentifier>{4FC737F1-C7A5-4376-A066-2A32D752A2FF}</UniqueIdentifier>
      <Extensions>cpp;c;cc;cxx;def;odl;idl;hpj;bat;asm;asmx</Extensions>
    </Filter>
    <Filter Include="Header Files">
      <UniqueIdentifier>{93995380-89BD-4b04-88EB-625FBE52EBFB}</UniqueIdentifier>
      <Extensions>h;hh;hpp;hxx;hm;inl;inc;xsd</Extensions>
    </Filter>
    <Filter Include="Resource Files">
      <UniqueIdentifier>{67DA6AB6-F800-4c08-8B7A-83BB121AAD01}</UniqueIdentifier>
      <Extensions>rc;ico;cur;bmp;dlg;rc2;rct;bin;rgs;gif;jpg;jpeg;jpe;resx;tiff;tif;png;wav;mfcribbon-ms</Extensions>
    </Filter>
    <Filter Include="Source Files\Levels">
      <UniqueIdentifier>{ed572d76-4ea6-4229-a963-effb8c55b950}</UniqueIdentifier>
    </Filter>
    <Filter Include="Header Files\Levels">
      <UniqueIdentifier>{fda62f50-7507-443b-ad2e-f239b3b64128}</UniqueIdentifier>
    </Filter>
    <Filter Include="Source Files\Objects">
      <UniqueIdentifier>{49d6bbf0-6352-4b63-bc10-8f6fea444613}</UniqueIdentifier>
    </Filter>
    <Filter Include="Header Files\Objects">
      <UniqueIdentifier>{c0f977d0-225c-4183-b144-abcca274d6e7}</UniqueIdentifier>
    </Filter>
    <Filter Include="Source Files\Characters">
      <UniqueIdentifier>{d65071f3-c5de-49f3-9fb2-4ab60d1710b4}</UniqueIdentifier>
    </Filter>
    <Filter Include="Source Files\Paths">
      <UniqueIdentifier>{fe2ceefe-e5b4-470c-be08-8dca5ae87250}</UniqueIdentifier>
    </Filter>
    <Filter Include="Source Files\Enemies">
      <UniqueIdentifier>{f528f24c-5f3a-417d-8247-75dfcf0ac0d2}</UniqueIdentifier>
    </Filter>
  </ItemGroup>
  <ItemGroup>
    <ClCompile Include="mod.cpp">
      <Filter>Source Files</Filter>
    </ClCompile>
    <ClCompile Include="stdafx.cpp">
      <Filter>Source Files</Filter>
    </ClCompile>
    <ClCompile Include="levels.cpp">
      <Filter>Source Files</Filter>
    </ClCompile>
    <ClCompile Include="objects.cpp">
      <Filter>Source Files</Filter>
    </ClCompile>
    <ClCompile Include="characters.cpp">
      <Filter>Source Files</Filter>
    </ClCompile>
    <ClCompile Include="Levels\bingo-highway.cpp">
      <Filter>Source Files\Levels</Filter>
    </ClCompile>
    <ClCompile Include="Objects\bingo-highway-objects.cpp">
      <Filter>Source Files\Objects</Filter>
    </ClCompile>
    <ClCompile Include="Levels\casino-common.cpp">
      <Filter>Source Files\Levels</Filter>
    </ClCompile>
    <ClCompile Include="Objects\casino-common-objects.cpp">
      <Filter>Source Files\Objects</Filter>
    </ClCompile>
    <ClCompile Include="Levels\casino-park.cpp">
      <Filter>Source Files\Levels</Filter>
    </ClCompile>
    <ClCompile Include="Objects\casino-park-objects.cpp">
      <Filter>Source Files\Objects</Filter>
    </ClCompile>
    <ClCompile Include="Characters\charmy.cpp">
      <Filter>Source Files\Characters</Filter>
    </ClCompile>
    <ClCompile Include="Characters\cream.cpp">
      <Filter>Source Files\Characters</Filter>
    </ClCompile>
    <ClCompile Include="Objects\egg-fleet-objects.cpp">
      <Filter>Source Files\Objects</Filter>
    </ClCompile>
    <ClCompile Include="Objects\grand-metropolis-objects.cpp">
      <Filter>Source Files\Objects</Filter>
    </ClCompile>
    <ClCompile Include="Objects\hang-castle-objects.cpp">
      <Filter>Source Files\Objects</Filter>
    </ClCompile>
    <ClCompile Include="Objects\heroes-common-objects.cpp">
      <Filter>Source Files\Objects</Filter>
    </ClCompile>
    <ClCompile Include="Objects\mystic-common-objects.cpp">
      <Filter>Source Files\Objects</Filter>
    </ClCompile>
    <ClCompile Include="Objects\mystic-mansion-objects.cpp">
      <Filter>Source Files\Objects</Filter>
    </ClCompile>
    <ClCompile Include="Objects\ocean-palace-objects.cpp">
      <Filter>Source Files\Objects</Filter>
    </ClCompile>
    <ClCompile Include="Objects\power-plant-objects.cpp">
      <Filter>Source Files\Objects</Filter>
    </ClCompile>
    <ClCompile Include="Objects\seaside-hill-objects.cpp">
      <Filter>Source Files\Objects</Filter>
    </ClCompile>
    <ClCompile Include="Objects\special-stages-objects.cpp">
      <Filter>Source Files\Objects</Filter>
    </ClCompile>
    <ClCompile Include="Levels\grand-metropolis.cpp">
      <Filter>Source Files\Levels</Filter>
    </ClCompile>
    <ClCompile Include="Levels\hang-castle.cpp">
      <Filter>Source Files\Levels</Filter>
    </ClCompile>
    <ClCompile Include="Levels\mystic-mansion.cpp">
      <Filter>Source Files\Levels</Filter>
    </ClCompile>
    <ClCompile Include="Levels\ocean-palace.cpp">
      <Filter>Source Files\Levels</Filter>
    </ClCompile>
    <ClCompile Include="Levels\power-plant.cpp">
      <Filter>Source Files\Levels</Filter>
    </ClCompile>
    <ClCompile Include="Levels\seaside-hill.cpp">
      <Filter>Source Files\Levels</Filter>
    </ClCompile>
    <ClCompile Include="Characters\rouge.cpp">
      <Filter>Source Files\Characters</Filter>
    </ClCompile>
    <ClCompile Include="Levels\egg-fleet.cpp">
      <Filter>Source Files\Levels</Filter>
    </ClCompile>
    <ClCompile Include="Levels\special-stages.cpp">
      <Filter>Source Files\Levels</Filter>
    </ClCompile>
    <ClCompile Include="Characters\tails.cpp">
      <Filter>Source Files\Characters</Filter>
    </ClCompile>
    <ClCompile Include="sounds.cpp">
      <Filter>Source Files</Filter>
    </ClCompile>
    <ClCompile Include="Characters\sonic.cpp">
      <Filter>Source Files\Characters</Filter>
    </ClCompile>
    <ClCompile Include="collision.cpp">
      <Filter>Source Files</Filter>
    </ClCompile>
    <ClCompile Include="Characters\shadow.cpp">
      <Filter>Source Files\Characters</Filter>
    </ClCompile>
    <ClCompile Include="Characters\amy.cpp">
      <Filter>Source Files\Characters</Filter>
    </ClCompile>
    <ClCompile Include="Characters\espio.cpp">
      <Filter>Source Files\Characters</Filter>
    </ClCompile>
    <ClCompile Include="Characters\knuckles.cpp">
      <Filter>Source Files\Characters</Filter>
    </ClCompile>
    <ClCompile Include="Characters\omega.cpp">
      <Filter>Source Files\Characters</Filter>
    </ClCompile>
    <ClCompile Include="Characters\big.cpp">
      <Filter>Source Files\Characters</Filter>
    </ClCompile>
    <ClCompile Include="Characters\vector.cpp">
      <Filter>Source Files\Characters</Filter>
    </ClCompile>
    <ClCompile Include="paths.cpp">
      <Filter>Source Files\Paths</Filter>
    </ClCompile>
    <ClCompile Include="rails.cpp">
      <Filter>Source Files\Paths</Filter>
    </ClCompile>
    <ClCompile Include="utils.cpp">
      <Filter>Source Files</Filter>
    </ClCompile>
    <ClCompile Include="propeller.cpp">
      <Filter>Source Files\Paths</Filter>
    </ClCompile>
    <ClCompile Include="Enemies\eggpawn.cpp">
      <Filter>Source Files\Enemies</Filter>
    </ClCompile>
    <ClCompile Include="enemies.cpp">
      <Filter>Source Files</Filter>
    </ClCompile>
    <ClCompile Include="Enemies\enemies-common.cpp">
      <Filter>Source Files\Enemies</Filter>
    </ClCompile>
    <ClCompile Include="Enemies\e2000.cpp">
      <Filter>Source Files\Enemies</Filter>
    </ClCompile>
    <ClCompile Include="Enemies\flyer.cpp">
      <Filter>Source Files\Enemies</Filter>
    </ClCompile>
    <ClCompile Include="loop.cpp">
      <Filter>Source Files\Paths</Filter>
    </ClCompile>
    <ClCompile Include="gameplay.cpp">
      <Filter>Source Files</Filter>
    </ClCompile>
  </ItemGroup>
  <ItemGroup>
    <ClInclude Include="stdafx.h">
      <Filter>Header Files</Filter>
    </ClInclude>
    <ClInclude Include="targetver.h">
      <Filter>Header Files</Filter>
    </ClInclude>
    <ClInclude Include="mod.h">
      <Filter>Header Files</Filter>
    </ClInclude>
    <ClInclude Include="objects.h">
      <Filter>Header Files</Filter>
    </ClInclude>
    <ClInclude Include="levels.h">
      <Filter>Header Files</Filter>
    </ClInclude>
    <ClInclude Include="lanternapi.h">
      <Filter>Header Files</Filter>
    </ClInclude>
    <ClInclude Include="characters.h">
      <Filter>Header Files</Filter>
    </ClInclude>
    <ClInclude Include="Levels\bingo-highway.h">
      <Filter>Header Files\Levels</Filter>
    </ClInclude>
    <ClInclude Include="Levels\bingo-highway-paths.h">
      <Filter>Header Files\Levels</Filter>
    </ClInclude>
    <ClInclude Include="Levels\casino-park.h">
      <Filter>Header Files\Levels</Filter>
    </ClInclude>
    <ClInclude Include="Levels\egg-fleet.h">
      <Filter>Header Files\Levels</Filter>
    </ClInclude>
    <ClInclude Include="Levels\casino-park-paths.h">
      <Filter>Header Files\Levels</Filter>
    </ClInclude>
    <ClInclude Include="Levels\casino-park-deathzones.h">
      <Filter>Header Files\Levels</Filter>
    </ClInclude>
    <ClInclude Include="Levels\grand-metropolis.h">
      <Filter>Header Files\Levels</Filter>
    </ClInclude>
    <ClInclude Include="Levels\grand-metropolis-deathzones.h">
      <Filter>Header Files\Levels</Filter>
    </ClInclude>
    <ClInclude Include="Levels\grand-metropolis-paths.h">
      <Filter>Header Files\Levels</Filter>
    </ClInclude>
    <ClInclude Include="Levels\hang-castle.h">
      <Filter>Header Files\Levels</Filter>
    </ClInclude>
    <ClInclude Include="Levels\hang-castle-deathzones.h">
      <Filter>Header Files\Levels</Filter>
    </ClInclude>
    <ClInclude Include="Levels\hang-castle-paths.h">
      <Filter>Header Files\Levels</Filter>
    </ClInclude>
    <ClInclude Include="Levels\mystic-mansion.h">
      <Filter>Header Files\Levels</Filter>
    </ClInclude>
    <ClInclude Include="Levels\mystic-mansion-deathzones.h">
      <Filter>Header Files\Levels</Filter>
    </ClInclude>
    <ClInclude Include="Levels\mystic-mansion-paths.h">
      <Filter>Header Files\Levels</Filter>
    </ClInclude>
    <ClInclude Include="Levels\ocean-palace.h">
      <Filter>Header Files\Levels</Filter>
    </ClInclude>
    <ClInclude Include="Levels\ocean-palace-paths.h">
      <Filter>Header Files\Levels</Filter>
    </ClInclude>
    <ClInclude Include="Levels\power-plant.h">
      <Filter>Header Files\Levels</Filter>
    </ClInclude>
    <ClInclude Include="Levels\power-plant-deathzones.h">
      <Filter>Header Files\Levels</Filter>
    </ClInclude>
    <ClInclude Include="Levels\power-plant-paths.h">
      <Filter>Header Files\Levels</Filter>
    </ClInclude>
    <ClInclude Include="Levels\road-rock-deathzones.h">
      <Filter>Header Files\Levels</Filter>
    </ClInclude>
    <ClInclude Include="Levels\seaside-hill-deathzones.h">
      <Filter>Header Files\Levels</Filter>
    </ClInclude>
    <ClInclude Include="Levels\seaside-hill.h">
      <Filter>Header Files\Levels</Filter>
    </ClInclude>
    <ClInclude Include="Levels\seaside-hill-paths.h">
      <Filter>Header Files\Levels</Filter>
    </ClInclude>
    <ClInclude Include="Objects\casino-common-objects.h">
      <Filter>Header Files\Objects</Filter>
    </ClInclude>
    <ClInclude Include="Objects\grand-metropolis-objects.h">
      <Filter>Header Files\Objects</Filter>
    </ClInclude>
    <ClInclude Include="Objects\hang-castle-objects.h">
      <Filter>Header Files\Objects</Filter>
    </ClInclude>
    <ClInclude Include="Objects\mystic-common-objects.h">
      <Filter>Header Files\Objects</Filter>
    </ClInclude>
    <ClInclude Include="Objects\ocean-palace-objects.h">
      <Filter>Header Files\Objects</Filter>
    </ClInclude>
    <ClInclude Include="Objects\power-plant-objects.h">
      <Filter>Header Files\Objects</Filter>
    </ClInclude>
    <ClInclude Include="sounds.h">
      <Filter>Header Files</Filter>
    </ClInclude>
    <ClInclude Include="Objects\seaside-hill-objects.h">
      <Filter>Header Files\Objects</Filter>
    </ClInclude>
    <ClInclude Include="Levels\egg-fleet-paths.h">
      <Filter>Header Files\Levels</Filter>
    </ClInclude>
    <ClInclude Include="utils.h">
      <Filter>Header Files</Filter>
    </ClInclude>
    <ClInclude Include="paths.h">
      <Filter>Header Files</Filter>
    </ClInclude>
    <ClInclude Include="Levels\egg-fleet-objects.h">
      <Filter>Header Files\Objects</Filter>
    </ClInclude>
    <ClInclude Include="enemies.h">
      <Filter>Header Files</Filter>
    </ClInclude>
  </ItemGroup>
</Project>