<?xml version="1.0" encoding="utf-8"?>
<Project ToolsVersion="4.0" xmlns="http://schemas.microsoft.com/developer/msbuild/2003">
  <ItemGroup>
    <Filter Include="Source Files">
      <UniqueIdentifier>{4FC737F1-C7A5-4376-A066-2A32D752A2FF}</UniqueIdentifier>
      <Extensions>cpp;c;cc;cxx;def;odl;idl;hpj;bat;asm;asmx</Extensions>
    </Filter>
    <Filter Include="Header Files">
      <UniqueIdentifier>{93995380-89BD-4b04-88EB-625FBE52EBFB}</UniqueIdentifier>
      <Extensions>h;hh;hpp;hxx;hm;inl;inc;xsd</Extensions>
    </Filter>
    <Filter Include="Resource Files">
      <UniqueIdentifier>{67DA6AB6-F800-4c08-8B7A-83BB121AAD01}</UniqueIdentifier>
      <Extensions>rc;ico;cur;bmp;dlg;rc2;rct;bin;rgs;gif;jpg;jpeg;jpe;resx;tiff;tif;png;wav;mfcribbon-ms</Extensions>
    </Filter>
    <Filter Include="Source Files\Extern">
      <UniqueIdentifier>{5f73c06c-ecf3-4d29-af9d-438bec08a864}</UniqueIdentifier>
    </Filter>
    <Filter Include="Source Files\Levels">
      <UniqueIdentifier>{ed572d76-4ea6-4229-a963-effb8c55b950}</UniqueIdentifier>
    </Filter>
    <Filter Include="Header Files\Levels">
      <UniqueIdentifier>{fda62f50-7507-443b-ad2e-f239b3b64128}</UniqueIdentifier>
    </Filter>
    <Filter Include="Source Files\Objects">
      <UniqueIdentifier>{49d6bbf0-6352-4b63-bc10-8f6fea444613}</UniqueIdentifier>
    </Filter>
    <Filter Include="Header Files\Objects">
      <UniqueIdentifier>{c0f977d0-225c-4183-b144-abcca274d6e7}</UniqueIdentifier>
    </Filter>
  </ItemGroup>
  <ItemGroup>
    <ClCompile Include="mod.cpp">
      <Filter>Source Files</Filter>
    </ClCompile>
    <ClCompile Include="stdafx.cpp">
      <Filter>Source Files</Filter>
    </ClCompile>
    <ClCompile Include="paths.cpp">
      <Filter>Source Files</Filter>
    </ClCompile>
    <ClCompile Include="seaside-hill.cpp">
      <Filter>Source Files\Levels</Filter>
    </ClCompile>
    <ClCompile Include="seaside-hill-objects.cpp">
      <Filter>Source Files\Objects</Filter>
    </ClCompile>
    <ClCompile Include="levels.cpp">
      <Filter>Source Files</Filter>
    </ClCompile>
    <ClCompile Include="objects.cpp">
      <Filter>Source Files</Filter>
    </ClCompile>
    <ClCompile Include="heroes-common-objects.cpp">
      <Filter>Source Files\Objects</Filter>
    </ClCompile>
    <ClCompile Include="ObjectHelper.cpp">
      <Filter>Source Files</Filter>
    </ClCompile>
    <ClCompile Include="LevelHelper.cpp">
      <Filter>Source Files</Filter>
    </ClCompile>
    <ClCompile Include="..\sadx-mod-loader\libmodutils\ModelInfo.cpp">
      <Filter>Source Files\Extern</Filter>
    </ClCompile>
    <ClCompile Include="..\sadx-mod-loader\libmodutils\LandTableInfo.cpp">
      <Filter>Source Files\Extern</Filter>
    </ClCompile>
    <ClCompile Include="ocean-palace.cpp">
      <Filter>Source Files\Levels</Filter>
    </ClCompile>
    <ClCompile Include="ocean-palace-objects.cpp">
      <Filter>Source Files\Objects</Filter>
    </ClCompile>
    <ClCompile Include="grand-metropolis.cpp">
      <Filter>Source Files\Levels</Filter>
    </ClCompile>
    <ClCompile Include="grand-metropolis-objects.cpp">
      <Filter>Source Files\Objects</Filter>
    </ClCompile>
    <ClCompile Include="power-plant.cpp">
      <Filter>Source Files\Levels</Filter>
    </ClCompile>
    <ClCompile Include="power-plant-objects.cpp">
      <Filter>Source Files\Objects</Filter>
    </ClCompile>
  </ItemGroup>
  <ItemGroup>
    <ClInclude Include="stdafx.h">
      <Filter>Header Files</Filter>
    </ClInclude>
    <ClInclude Include="targetver.h">
      <Filter>Header Files</Filter>
    </ClInclude>
    <ClInclude Include="mod.h">
      <Filter>Header Files</Filter>
    </ClInclude>
    <ClInclude Include="seaside-hill.h">
      <Filter>Header Files\Levels</Filter>
    </ClInclude>
    <ClInclude Include="objects.h">
      <Filter>Header Files</Filter>
    </ClInclude>
    <ClInclude Include="levels.h">
      <Filter>Header Files</Filter>
    </ClInclude>
    <ClInclude Include="Data\seaside-hill-deathzones.h">
      <Filter>Header Files\Levels</Filter>
    </ClInclude>
    <ClInclude Include="Data\seaside-hill-paths.h">
      <Filter>Header Files\Levels</Filter>
    </ClInclude>
    <ClInclude Include="Data\heroes-common-objects.h">
      <Filter>Header Files\Objects</Filter>
    </ClInclude>
    <ClInclude Include="Data\seaside-hill-objects.h">
      <Filter>Header Files\Objects</Filter>
    </ClInclude>
    <ClInclude Include="Data\ocean-palace-paths.h">
      <Filter>Header Files\Levels</Filter>
    </ClInclude>
    <ClInclude Include="Data\ocean-palace-objects.h">
      <Filter>Header Files\Objects</Filter>
    </ClInclude>
    <ClInclude Include="ocean-palace.h">
      <Filter>Header Files\Levels</Filter>
    </ClInclude>
    <ClInclude Include="Data\road-rock-deathzones.h">
      <Filter>Header Files\Levels</Filter>
    </ClInclude>
    <ClInclude Include="Data\grand-metropolis-paths.h">
      <Filter>Header Files\Levels</Filter>
    </ClInclude>
    <ClInclude Include="Data\grand-metropolis-deathzones.h">
      <Filter>Header Files\Levels</Filter>
    </ClInclude>
    <ClInclude Include="Data\grand-metropolis-objects.h">
      <Filter>Header Files\Objects</Filter>
    </ClInclude>
    <ClInclude Include="grand-metropolis.h">
      <Filter>Header Files\Levels</Filter>
    </ClInclude>
    <ClInclude Include="Data\power-plant-paths.h">
      <Filter>Header Files\Levels</Filter>
    </ClInclude>
    <ClInclude Include="Data\power-plant-objects.h">
      <Filter>Header Files\Objects</Filter>
    </ClInclude>
    <ClInclude Include="Data\power-plant-deathzones.h">
      <Filter>Header Files\Levels</Filter>
    </ClInclude>
    <ClInclude Include="power-plant.h">
      <Filter>Header Files\Levels</Filter>
    </ClInclude>
  </ItemGroup>
</Project>